
Microsoft Visual Studio Solution File, Format Version 12.00
# Visual Studio Version 16
VisualStudioVersion = 16.0.32602.290
MinimumVisualStudioVersion = 10.0.40219.1
Project("{9A19103F-16F7-4668-BE54-9A1E7A4F7556}") = "VeiculosApp", "VeiculosApp\VeiculosApp.csproj", "{D1B55B57-8790-4606-9EFB-F6A72FB5CBC8}"
EndProject
Project("{9A19103F-16F7-4668-BE54-9A1E7A4F7556}") = "VeiculosApp.Core.Domain", "VeiculosApp.Core.Domain\VeiculosApp.Core.Domain.csproj", "{6E08DA23-1311-41D2-872E-715E0A8A1DDD}"
EndProject
Project("{9A19103F-16F7-4668-BE54-9A1E7A4F7556}") = "VeiculosApp.Infra.Repositories", "VeiculosApp.Infra.Repositories\VeiculosApp.Infra.Repositories.csproj", "{769577D4-A2DD-4656-8CBF-69ABC97A3570}"
EndProject
Project("{9A19103F-16F7-4668-BE54-9A1E7A4F7556}") = "VeiculosApp.Infra.Repositories.EF", "VeiculosApp.Infra.Repositories.EF\VeiculosApp.Infra.Repositories.EF.csproj", "{0B0639E9-B970-41FE-B80F-1835A92406B2}"
EndProject
Project("{9A19103F-16F7-4668-BE54-9A1E7A4F7556}") = "VeiculosApp.Core.Common", "VeiculosApp.Core.Common\VeiculosApp.Core.Common.csproj", "{4DB1CD3A-A3B6-47A3-AECD-BDFF188AB119}"
EndProject
Project("{9A19103F-16F7-4668-BE54-9A1E7A4F7556}") = "VeiculosApp.Application", "VeiculosApp.Application\VeiculosApp.Application.csproj", "{893CB11C-935B-433B-9C72-44F687746CF0}"
EndProject
Project("{9A19103F-16F7-4668-BE54-9A1E7A4F7556}") = "VeiculosApp.Infra.Services", "VeiculosApp.Infra.Services\VeiculosApp.Infra.Services.csproj", "{FF360443-D7E3-4EA9-99E6-CFDBEEB8D3CD}"
EndProject
Project("{FAE04EC0-301F-11D3-BF4B-00C04F79EFBC}") = "VeiculosApp.Core.Tests", "VeiculosApp.Core.Tests\VeiculosApp.Core.Tests.csproj", "{C5CC302B-398A-490C-815D-81FB7DEF2C95}"
EndProject
Global
	GlobalSection(SolutionConfigurationPlatforms) = preSolution
		Debug|Any CPU = Debug|Any CPU
		Release|Any CPU = Release|Any CPU
	EndGlobalSection
	GlobalSection(ProjectConfigurationPlatforms) = postSolution
		{D1B55B57-8790-4606-9EFB-F6A72FB5CBC8}.Debug|Any CPU.ActiveCfg = Debug|Any CPU
		{D1B55B57-8790-4606-9EFB-F6A72FB5CBC8}.Debug|Any CPU.Build.0 = Debug|Any CPU
		{D1B55B57-8790-4606-9EFB-F6A72FB5CBC8}.Release|Any CPU.ActiveCfg = Release|Any CPU
		{D1B55B57-8790-4606-9EFB-F6A72FB5CBC8}.Release|Any CPU.Build.0 = Release|Any CPU
		{6E08DA23-1311-41D2-872E-715E0A8A1DDD}.Debug|Any CPU.ActiveCfg = Debug|Any CPU
		{6E08DA23-1311-41D2-872E-715E0A8A1DDD}.Debug|Any CPU.Build.0 = Debug|Any CPU
		{6E08DA23-1311-41D2-872E-715E0A8A1DDD}.Release|Any CPU.ActiveCfg = Release|Any CPU
		{6E08DA23-1311-41D2-872E-715E0A8A1DDD}.Release|Any CPU.Build.0 = Release|Any CPU
		{769577D4-A2DD-4656-8CBF-69ABC97A3570}.Debug|Any CPU.ActiveCfg = Debug|Any CPU
		{769577D4-A2DD-4656-8CBF-69ABC97A3570}.Debug|Any CPU.Build.0 = Debug|Any CPU
		{769577D4-A2DD-4656-8CBF-69ABC97A3570}.Release|Any CPU.ActiveCfg = Release|Any CPU
		{769577D4-A2DD-4656-8CBF-69ABC97A3570}.Release|Any CPU.Build.0 = Release|Any CPU
		{0B0639E9-B970-41FE-B80F-1835A92406B2}.Debug|Any CPU.ActiveCfg = Debug|Any CPU
		{0B0639E9-B970-41FE-B80F-1835A92406B2}.Debug|Any CPU.Build.0 = Debug|Any CPU
		{0B0639E9-B970-41FE-B80F-1835A92406B2}.Release|Any CPU.ActiveCfg = Release|Any CPU
		{0B0639E9-B970-41FE-B80F-1835A92406B2}.Release|Any CPU.Build.0 = Release|Any CPU
		{4DB1CD3A-A3B6-47A3-AECD-BDFF188AB119}.Debug|Any CPU.ActiveCfg = Debug|Any CPU
		{4DB1CD3A-A3B6-47A3-AECD-BDFF188AB119}.Debug|Any CPU.Build.0 = Debug|Any CPU
		{4DB1CD3A-A3B6-47A3-AECD-BDFF188AB119}.Release|Any CPU.ActiveCfg = Release|Any CPU
		{4DB1CD3A-A3B6-47A3-AECD-BDFF188AB119}.Release|Any CPU.Build.0 = Release|Any CPU
		{893CB11C-935B-433B-9C72-44F687746CF0}.Debug|Any CPU.ActiveCfg = Debug|Any CPU
		{893CB11C-935B-433B-9C72-44F687746CF0}.Debug|Any CPU.Build.0 = Debug|Any CPU
		{893CB11C-935B-433B-9C72-44F687746CF0}.Release|Any CPU.ActiveCfg = Release|Any CPU
		{893CB11C-935B-433B-9C72-44F687746CF0}.Release|Any CPU.Build.0 = Release|Any CPU
		{FF360443-D7E3-4EA9-99E6-CFDBEEB8D3CD}.Debug|Any CPU.ActiveCfg = Debug|Any CPU
		{FF360443-D7E3-4EA9-99E6-CFDBEEB8D3CD}.Debug|Any CPU.Build.0 = Debug|Any CPU
		{FF360443-D7E3-4EA9-99E6-CFDBEEB8D3CD}.Release|Any CPU.ActiveCfg = Release|Any CPU
		{FF360443-D7E3-4EA9-99E6-CFDBEEB8D3CD}.Release|Any CPU.Build.0 = Release|Any CPU
		{C5CC302B-398A-490C-815D-81FB7DEF2C95}.Debug|Any CPU.ActiveCfg = Debug|Any CPU
		{C5CC302B-398A-490C-815D-81FB7DEF2C95}.Debug|Any CPU.Build.0 = Debug|Any CPU
		{C5CC302B-398A-490C-815D-81FB7DEF2C95}.Release|Any CPU.ActiveCfg = Release|Any CPU
		{C5CC302B-398A-490C-815D-81FB7DEF2C95}.Release|Any CPU.Build.0 = Release|Any CPU
	EndGlobalSection
	GlobalSection(SolutionProperties) = preSolution
		HideSolutionNode = FALSE
	EndGlobalSection
	GlobalSection(ExtensibilityGlobals) = postSolution
		SolutionGuid = {E2216E25-5E56-4B6F-94A1-1D3F921AB4C7}
	EndGlobalSection
EndGlobal
